
Microsoft Visual Studio Solution File, Format Version 12.00
# Visual Studio Version 16
VisualStudioVersion = 16.0.30204.135
MinimumVisualStudioVersion = 10.0.40219.1
Project("{9A19103F-16F7-4668-BE54-9A1E7A4F7556}") = "WebApp1", "..\WebApp1\WebApp1.csproj", "{374FCBFD-F5CD-4F91-90EB-048A14508E91}"
EndProject
Project("{9A19103F-16F7-4668-BE54-9A1E7A4F7556}") = "ConsulRegistration", "..\Consul.Extension\ConsulRegistration.csproj", "{F3A557A8-CCE5-4F3C-B39D-B13A394C6570}"
EndProject
Project("{2150E333-8FDC-42A3-9474-1A3956D46DE8}") = "Services", "Services", "{81E18FAA-35F4-452A-9610-9CA56BBC56CB}"
EndProject
Project("{2150E333-8FDC-42A3-9474-1A3956D46DE8}") = "Customers", "Customers", "{B10A3F15-4F68-4631-9D10-8CED1EBFD82B}"
EndProject
Project("{9A19103F-16F7-4668-BE54-9A1E7A4F7556}") = "ServiceDiscovery", "..\ServiceDiscovery\ServiceDiscovery.csproj", "{803BBD14-2BFA-4D14-84DB-7DF99BFD599C}"
EndProject
Project("{9A19103F-16F7-4668-BE54-9A1E7A4F7556}") = "Test", "..\Test\Test.csproj", "{A0775B46-45BE-4A16-9D4E-2571FC91F21E}"
EndProject
Project("{2150E333-8FDC-42A3-9474-1A3956D46DE8}") = "Polly", "Polly", "{0C0550A9-ECA7-4CA4-AC8E-1618C6E0E799}"
EndProject
Project("{9A19103F-16F7-4668-BE54-9A1E7A4F7556}") = "PollyDemo", "..\PollyDemo\PollyDemo.csproj", "{BDF941FB-E04A-41A2-BA96-E1371B6B4B1E}"
EndProject
Project("{9A19103F-16F7-4668-BE54-9A1E7A4F7556}") = "PollyHelper", "..\PollyHelper\PollyHelper.csproj", "{5ED69CC4-C023-4F6A-8596-98A6994855A3}"
EndProject
Project("{2150E333-8FDC-42A3-9474-1A3956D46DE8}") = "ApiGateway", "ApiGateway", "{90E2E7AE-2CBB-4535-84F0-3FEDDEFDBD92}"
EndProject
Project("{9A19103F-16F7-4668-BE54-9A1E7A4F7556}") = "ApiGatewayService", "..\ApiGatewayService\ApiGatewayService.csproj", "{A2AA61BE-D875-42C9-B422-C22331DE9034}"
EndProject
Project("{9A19103F-16F7-4668-BE54-9A1E7A4F7556}") = "ServiceA", "..\ServiceA\ServiceA.csproj", "{F4F44B6B-614D-4EF3-9F08-C5D693D9CBE8}"
EndProject
Project("{9A19103F-16F7-4668-BE54-9A1E7A4F7556}") = "ServiceB", "..\ServiceB\ServiceB.csproj", "{03CD8E46-ED8D-4AEF-8FD0-639770FE42D1}"
EndProject
Project("{9A19103F-16F7-4668-BE54-9A1E7A4F7556}") = "Ocelot", "..\Ocelot\src\Ocelot\Ocelot.csproj", "{84B384C5-C306-4ED0-BD0D-24DD6AAF7935}"
EndProject
Project("{9A19103F-16F7-4668-BE54-9A1E7A4F7556}") = "Ocelot.Provider.Consul", "..\Ocelot\src\Ocelot.Provider.Consul\Ocelot.Provider.Consul.csproj", "{918A5279-7C4D-473C-ACED-4F153335E181}"
EndProject
Project("{9A19103F-16F7-4668-BE54-9A1E7A4F7556}") = "Ocelot.Provider.Polly", "..\Ocelot\src\Ocelot.Provider.Polly\Ocelot.Provider.Polly.csproj", "{385FBAA7-0BF1-4919-B04F-678637903533}"
EndProject
Project("{9A19103F-16F7-4668-BE54-9A1E7A4F7556}") = "IdentityService", "..\IdentityService\IdentityService.csproj", "{ECE408F2-98C2-48E1-B493-0ED2EC537776}"
EndProject
Global
	GlobalSection(SolutionConfigurationPlatforms) = preSolution
		Debug|Any CPU = Debug|Any CPU
		Release|Any CPU = Release|Any CPU
	EndGlobalSection
	GlobalSection(ProjectConfigurationPlatforms) = postSolution
		{374FCBFD-F5CD-4F91-90EB-048A14508E91}.Debug|Any CPU.ActiveCfg = Debug|Any CPU
		{374FCBFD-F5CD-4F91-90EB-048A14508E91}.Debug|Any CPU.Build.0 = Debug|Any CPU
		{374FCBFD-F5CD-4F91-90EB-048A14508E91}.Release|Any CPU.ActiveCfg = Release|Any CPU
		{374FCBFD-F5CD-4F91-90EB-048A14508E91}.Release|Any CPU.Build.0 = Release|Any CPU
		{F3A557A8-CCE5-4F3C-B39D-B13A394C6570}.Debug|Any CPU.ActiveCfg = Debug|Any CPU
		{F3A557A8-CCE5-4F3C-B39D-B13A394C6570}.Debug|Any CPU.Build.0 = Debug|Any CPU
		{F3A557A8-CCE5-4F3C-B39D-B13A394C6570}.Release|Any CPU.ActiveCfg = Release|Any CPU
		{F3A557A8-CCE5-4F3C-B39D-B13A394C6570}.Release|Any CPU.Build.0 = Release|Any CPU
		{803BBD14-2BFA-4D14-84DB-7DF99BFD599C}.Debug|Any CPU.ActiveCfg = Debug|Any CPU
		{803BBD14-2BFA-4D14-84DB-7DF99BFD599C}.Debug|Any CPU.Build.0 = Debug|Any CPU
		{803BBD14-2BFA-4D14-84DB-7DF99BFD599C}.Release|Any CPU.ActiveCfg = Release|Any CPU
		{803BBD14-2BFA-4D14-84DB-7DF99BFD599C}.Release|Any CPU.Build.0 = Release|Any CPU
		{A0775B46-45BE-4A16-9D4E-2571FC91F21E}.Debug|Any CPU.ActiveCfg = Debug|Any CPU
		{A0775B46-45BE-4A16-9D4E-2571FC91F21E}.Debug|Any CPU.Build.0 = Debug|Any CPU
		{A0775B46-45BE-4A16-9D4E-2571FC91F21E}.Release|Any CPU.ActiveCfg = Release|Any CPU
		{A0775B46-45BE-4A16-9D4E-2571FC91F21E}.Release|Any CPU.Build.0 = Release|Any CPU
		{BDF941FB-E04A-41A2-BA96-E1371B6B4B1E}.Debug|Any CPU.ActiveCfg = Debug|Any CPU
		{BDF941FB-E04A-41A2-BA96-E1371B6B4B1E}.Debug|Any CPU.Build.0 = Debug|Any CPU
		{BDF941FB-E04A-41A2-BA96-E1371B6B4B1E}.Release|Any CPU.ActiveCfg = Release|Any CPU
		{BDF941FB-E04A-41A2-BA96-E1371B6B4B1E}.Release|Any CPU.Build.0 = Release|Any CPU
		{5ED69CC4-C023-4F6A-8596-98A6994855A3}.Debug|Any CPU.ActiveCfg = Debug|Any CPU
		{5ED69CC4-C023-4F6A-8596-98A6994855A3}.Debug|Any CPU.Build.0 = Debug|Any CPU
		{5ED69CC4-C023-4F6A-8596-98A6994855A3}.Release|Any CPU.ActiveCfg = Release|Any CPU
		{5ED69CC4-C023-4F6A-8596-98A6994855A3}.Release|Any CPU.Build.0 = Release|Any CPU
		{A2AA61BE-D875-42C9-B422-C22331DE9034}.Debug|Any CPU.ActiveCfg = Debug|Any CPU
		{A2AA61BE-D875-42C9-B422-C22331DE9034}.Debug|Any CPU.Build.0 = Debug|Any CPU
		{A2AA61BE-D875-42C9-B422-C22331DE9034}.Release|Any CPU.ActiveCfg = Release|Any CPU
		{A2AA61BE-D875-42C9-B422-C22331DE9034}.Release|Any CPU.Build.0 = Release|Any CPU
		{F4F44B6B-614D-4EF3-9F08-C5D693D9CBE8}.Debug|Any CPU.ActiveCfg = Debug|Any CPU
		{F4F44B6B-614D-4EF3-9F08-C5D693D9CBE8}.Debug|Any CPU.Build.0 = Debug|Any CPU
		{F4F44B6B-614D-4EF3-9F08-C5D693D9CBE8}.Release|Any CPU.ActiveCfg = Release|Any CPU
		{F4F44B6B-614D-4EF3-9F08-C5D693D9CBE8}.Release|Any CPU.Build.0 = Release|Any CPU
		{03CD8E46-ED8D-4AEF-8FD0-639770FE42D1}.Debug|Any CPU.ActiveCfg = Debug|Any CPU
		{03CD8E46-ED8D-4AEF-8FD0-639770FE42D1}.Debug|Any CPU.Build.0 = Debug|Any CPU
		{03CD8E46-ED8D-4AEF-8FD0-639770FE42D1}.Release|Any CPU.ActiveCfg = Release|Any CPU
		{03CD8E46-ED8D-4AEF-8FD0-639770FE42D1}.Release|Any CPU.Build.0 = Release|Any CPU
		{84B384C5-C306-4ED0-BD0D-24DD6AAF7935}.Debug|Any CPU.ActiveCfg = Debug|Any CPU
		{84B384C5-C306-4ED0-BD0D-24DD6AAF7935}.Debug|Any CPU.Build.0 = Debug|Any CPU
		{84B384C5-C306-4ED0-BD0D-24DD6AAF7935}.Release|Any CPU.ActiveCfg = Release|Any CPU
		{84B384C5-C306-4ED0-BD0D-24DD6AAF7935}.Release|Any CPU.Build.0 = Release|Any CPU
		{918A5279-7C4D-473C-ACED-4F153335E181}.Debug|Any CPU.ActiveCfg = Debug|Any CPU
		{918A5279-7C4D-473C-ACED-4F153335E181}.Debug|Any CPU.Build.0 = Debug|Any CPU
		{918A5279-7C4D-473C-ACED-4F153335E181}.Release|Any CPU.ActiveCfg = Release|Any CPU
		{918A5279-7C4D-473C-ACED-4F153335E181}.Release|Any CPU.Build.0 = Release|Any CPU
		{385FBAA7-0BF1-4919-B04F-678637903533}.Debug|Any CPU.ActiveCfg = Debug|Any CPU
		{385FBAA7-0BF1-4919-B04F-678637903533}.Debug|Any CPU.Build.0 = Debug|Any CPU
		{385FBAA7-0BF1-4919-B04F-678637903533}.Release|Any CPU.ActiveCfg = Release|Any CPU
		{385FBAA7-0BF1-4919-B04F-678637903533}.Release|Any CPU.Build.0 = Release|Any CPU
		{ECE408F2-98C2-48E1-B493-0ED2EC537776}.Debug|Any CPU.ActiveCfg = Debug|Any CPU
		{ECE408F2-98C2-48E1-B493-0ED2EC537776}.Debug|Any CPU.Build.0 = Debug|Any CPU
		{ECE408F2-98C2-48E1-B493-0ED2EC537776}.Release|Any CPU.ActiveCfg = Release|Any CPU
		{ECE408F2-98C2-48E1-B493-0ED2EC537776}.Release|Any CPU.Build.0 = Release|Any CPU
	EndGlobalSection
	GlobalSection(SolutionProperties) = preSolution
		HideSolutionNode = FALSE
	EndGlobalSection
	GlobalSection(NestedProjects) = preSolution
		{374FCBFD-F5CD-4F91-90EB-048A14508E91} = {81E18FAA-35F4-452A-9610-9CA56BBC56CB}
		{803BBD14-2BFA-4D14-84DB-7DF99BFD599C} = {B10A3F15-4F68-4631-9D10-8CED1EBFD82B}
		{BDF941FB-E04A-41A2-BA96-E1371B6B4B1E} = {0C0550A9-ECA7-4CA4-AC8E-1618C6E0E799}
		{5ED69CC4-C023-4F6A-8596-98A6994855A3} = {0C0550A9-ECA7-4CA4-AC8E-1618C6E0E799}
		{A2AA61BE-D875-42C9-B422-C22331DE9034} = {90E2E7AE-2CBB-4535-84F0-3FEDDEFDBD92}
		{F4F44B6B-614D-4EF3-9F08-C5D693D9CBE8} = {81E18FAA-35F4-452A-9610-9CA56BBC56CB}
		{03CD8E46-ED8D-4AEF-8FD0-639770FE42D1} = {81E18FAA-35F4-452A-9610-9CA56BBC56CB}
		{84B384C5-C306-4ED0-BD0D-24DD6AAF7935} = {90E2E7AE-2CBB-4535-84F0-3FEDDEFDBD92}
		{918A5279-7C4D-473C-ACED-4F153335E181} = {90E2E7AE-2CBB-4535-84F0-3FEDDEFDBD92}
		{385FBAA7-0BF1-4919-B04F-678637903533} = {90E2E7AE-2CBB-4535-84F0-3FEDDEFDBD92}
		{ECE408F2-98C2-48E1-B493-0ED2EC537776} = {81E18FAA-35F4-452A-9610-9CA56BBC56CB}
	EndGlobalSection
	GlobalSection(ExtensibilityGlobals) = postSolution
		SolutionGuid = {A5EBAC09-232A-485F-9832-BC4790EE12F2}
	EndGlobalSection
EndGlobal
